// !$*UTF8*$!
{
	archiveVersion = 1;
	classes = {
	};
	objectVersion = 56;
	objects = {

/* Begin PBXBuildFile section */
		5003349E2B96388C004917EB /* NewsDetailView.swift in Sources */ = {isa = PBXBuildFile; fileRef = 5003349D2B96388C004917EB /* NewsDetailView.swift */; };
		500334A12B963EE5004917EB /* String+Extension.swift in Sources */ = {isa = PBXBuildFile; fileRef = 500334A02B963EE5004917EB /* String+Extension.swift */; };
		5013DF842BBF235700A23FE4 /* VisionaryUI in Frameworks */ = {isa = PBXBuildFile; productRef = 5013DF832BBF235700A23FE4 /* VisionaryUI */; };
		5046E1372B7538E6008C013C /* APIRouter.swift in Sources */ = {isa = PBXBuildFile; fileRef = 5046E1362B7538E6008C013C /* APIRouter.swift */; };
		5046E1392B7538FF008C013C /* APIRequestable.swift in Sources */ = {isa = PBXBuildFile; fileRef = 5046E1382B7538FF008C013C /* APIRequestable.swift */; };
		5046E13D2B753E68008C013C /* HorizontalDirectFeedView.swift in Sources */ = {isa = PBXBuildFile; fileRef = 5046E13C2B753E68008C013C /* HorizontalDirectFeedView.swift */; };
		504E4BBD2BAB53DC0070254F /* TopicsNewsView.swift in Sources */ = {isa = PBXBuildFile; fileRef = 504E4BBC2BAB53DC0070254F /* TopicsNewsView.swift */; };
		505BA5612B7E906800F7FF78 /* ShortNotificationView.swift in Sources */ = {isa = PBXBuildFile; fileRef = 505BA5602B7E906800F7FF78 /* ShortNotificationView.swift */; };
		505BA5632B7E909800F7FF78 /* ShortNotificationViewViewModel.swift in Sources */ = {isa = PBXBuildFile; fileRef = 505BA5622B7E909800F7FF78 /* ShortNotificationViewViewModel.swift */; };
		505E08FC2B73F09B00CAF6FC /* APIClient.swift in Sources */ = {isa = PBXBuildFile; fileRef = 505E08FB2B73F09B00CAF6FC /* APIClient.swift */; };
		505E08FE2B73F1C600CAF6FC /* NewsListResponseModel.swift in Sources */ = {isa = PBXBuildFile; fileRef = 505E08FD2B73F1C600CAF6FC /* NewsListResponseModel.swift */; };
		505E09002B73F43700CAF6FC /* NetworkError.swift in Sources */ = {isa = PBXBuildFile; fileRef = 505E08FF2B73F43700CAF6FC /* NetworkError.swift */; };
		505E09022B73F63000CAF6FC /* APIUrlConstants.swift in Sources */ = {isa = PBXBuildFile; fileRef = 505E09012B73F63000CAF6FC /* APIUrlConstants.swift */; };
		505E09042B73F9B800CAF6FC /* NewsListTopHeadlinesRequestBody.swift in Sources */ = {isa = PBXBuildFile; fileRef = 505E09032B73F9B800CAF6FC /* NewsListTopHeadlinesRequestBody.swift */; };
		506E04EB2B84CFD70047E7B9 /* InsightsView.swift in Sources */ = {isa = PBXBuildFile; fileRef = 506E04EA2B84CFD70047E7B9 /* InsightsView.swift */; };
		506E04ED2B84CFEF0047E7B9 /* InsightsViewViewModel.swift in Sources */ = {isa = PBXBuildFile; fileRef = 506E04EC2B84CFEF0047E7B9 /* InsightsViewViewModel.swift */; };
		506E04F12B850C090047E7B9 /* InsightsResponseModel.swift in Sources */ = {isa = PBXBuildFile; fileRef = 506E04F02B850C090047E7B9 /* InsightsResponseModel.swift */; };
		5098C0092B81071800CCEBDC /* ShortNotificationCellView.swift in Sources */ = {isa = PBXBuildFile; fileRef = 5098C0082B81071800CCEBDC /* ShortNotificationCellView.swift */; };
		50B7821C2B71447200528A3B /* NewsShortsApp.swift in Sources */ = {isa = PBXBuildFile; fileRef = 50B7821B2B71447200528A3B /* NewsShortsApp.swift */; };
		50B7821E2B71447200528A3B /* ContentView.swift in Sources */ = {isa = PBXBuildFile; fileRef = 50B7821D2B71447200528A3B /* ContentView.swift */; };
		50B782202B71447300528A3B /* Assets.xcassets in Resources */ = {isa = PBXBuildFile; fileRef = 50B7821F2B71447300528A3B /* Assets.xcassets */; };
		50B782232B71447300528A3B /* Preview Assets.xcassets in Resources */ = {isa = PBXBuildFile; fileRef = 50B782222B71447300528A3B /* Preview Assets.xcassets */; };
		50B7822D2B71447400528A3B /* NewsShortsTests.swift in Sources */ = {isa = PBXBuildFile; fileRef = 50B7822C2B71447400528A3B /* NewsShortsTests.swift */; };
		50B782372B71447400528A3B /* NewsShortsUITests.swift in Sources */ = {isa = PBXBuildFile; fileRef = 50B782362B71447400528A3B /* NewsShortsUITests.swift */; };
		50B782392B71447400528A3B /* NewsShortsUITestsLaunchTests.swift in Sources */ = {isa = PBXBuildFile; fileRef = 50B782382B71447400528A3B /* NewsShortsUITestsLaunchTests.swift */; };
		50D3B86C2BC6FD85004219C5 /* TopicsNewsRequestBody.swift in Sources */ = {isa = PBXBuildFile; fileRef = 50D3B86B2BC6FD85004219C5 /* TopicsNewsRequestBody.swift */; };
/* End PBXBuildFile section */

/* Begin PBXContainerItemProxy section */
		50B782292B71447400528A3B /* PBXContainerItemProxy */ = {
			isa = PBXContainerItemProxy;
			containerPortal = 50B782102B71447200528A3B /* Project object */;
			proxyType = 1;
			remoteGlobalIDString = 50B782172B71447200528A3B;
			remoteInfo = NewsShorts;
		};
		50B782332B71447400528A3B /* PBXContainerItemProxy */ = {
			isa = PBXContainerItemProxy;
			containerPortal = 50B782102B71447200528A3B /* Project object */;
			proxyType = 1;
			remoteGlobalIDString = 50B782172B71447200528A3B;
			remoteInfo = NewsShorts;
		};
/* End PBXContainerItemProxy section */

/* Begin PBXFileReference section */
		5003349D2B96388C004917EB /* NewsDetailView.swift */ = {isa = PBXFileReference; lastKnownFileType = sourcecode.swift; path = NewsDetailView.swift; sourceTree = "<group>"; };
		500334A02B963EE5004917EB /* String+Extension.swift */ = {isa = PBXFileReference; lastKnownFileType = sourcecode.swift; path = "String+Extension.swift"; sourceTree = "<group>"; };
		5046E1362B7538E6008C013C /* APIRouter.swift */ = {isa = PBXFileReference; lastKnownFileType = sourcecode.swift; path = APIRouter.swift; sourceTree = "<group>"; };
		5046E1382B7538FF008C013C /* APIRequestable.swift */ = {isa = PBXFileReference; lastKnownFileType = sourcecode.swift; path = APIRequestable.swift; sourceTree = "<group>"; };
		5046E13C2B753E68008C013C /* HorizontalDirectFeedView.swift */ = {isa = PBXFileReference; lastKnownFileType = sourcecode.swift; path = HorizontalDirectFeedView.swift; sourceTree = "<group>"; };
		504E4BBC2BAB53DC0070254F /* TopicsNewsView.swift */ = {isa = PBXFileReference; lastKnownFileType = sourcecode.swift; path = TopicsNewsView.swift; sourceTree = "<group>"; };
		505BA5602B7E906800F7FF78 /* ShortNotificationView.swift */ = {isa = PBXFileReference; lastKnownFileType = sourcecode.swift; path = ShortNotificationView.swift; sourceTree = "<group>"; };
		505BA5622B7E909800F7FF78 /* ShortNotificationViewViewModel.swift */ = {isa = PBXFileReference; lastKnownFileType = sourcecode.swift; path = ShortNotificationViewViewModel.swift; sourceTree = "<group>"; };
		505E08FB2B73F09B00CAF6FC /* APIClient.swift */ = {isa = PBXFileReference; lastKnownFileType = sourcecode.swift; path = APIClient.swift; sourceTree = "<group>"; };
		505E08FD2B73F1C600CAF6FC /* NewsListResponseModel.swift */ = {isa = PBXFileReference; lastKnownFileType = sourcecode.swift; path = NewsListResponseModel.swift; sourceTree = "<group>"; };
		505E08FF2B73F43700CAF6FC /* NetworkError.swift */ = {isa = PBXFileReference; lastKnownFileType = sourcecode.swift; path = NetworkError.swift; sourceTree = "<group>"; };
		505E09012B73F63000CAF6FC /* APIUrlConstants.swift */ = {isa = PBXFileReference; lastKnownFileType = sourcecode.swift; path = APIUrlConstants.swift; sourceTree = "<group>"; };
		505E09032B73F9B800CAF6FC /* NewsListTopHeadlinesRequestBody.swift */ = {isa = PBXFileReference; lastKnownFileType = sourcecode.swift; path = NewsListTopHeadlinesRequestBody.swift; sourceTree = "<group>"; };
		506E04EA2B84CFD70047E7B9 /* InsightsView.swift */ = {isa = PBXFileReference; lastKnownFileType = sourcecode.swift; path = InsightsView.swift; sourceTree = "<group>"; };
		506E04EC2B84CFEF0047E7B9 /* InsightsViewViewModel.swift */ = {isa = PBXFileReference; lastKnownFileType = sourcecode.swift; path = InsightsViewViewModel.swift; sourceTree = "<group>"; };
		506E04F02B850C090047E7B9 /* InsightsResponseModel.swift */ = {isa = PBXFileReference; lastKnownFileType = sourcecode.swift; path = InsightsResponseModel.swift; sourceTree = "<group>"; };
		5098C0082B81071800CCEBDC /* ShortNotificationCellView.swift */ = {isa = PBXFileReference; lastKnownFileType = sourcecode.swift; path = ShortNotificationCellView.swift; sourceTree = "<group>"; };
		50B782182B71447200528A3B /* NewsShorts.app */ = {isa = PBXFileReference; explicitFileType = wrapper.application; includeInIndex = 0; path = NewsShorts.app; sourceTree = BUILT_PRODUCTS_DIR; };
		50B7821B2B71447200528A3B /* NewsShortsApp.swift */ = {isa = PBXFileReference; lastKnownFileType = sourcecode.swift; path = NewsShortsApp.swift; sourceTree = "<group>"; };
		50B7821D2B71447200528A3B /* ContentView.swift */ = {isa = PBXFileReference; lastKnownFileType = sourcecode.swift; path = ContentView.swift; sourceTree = "<group>"; };
		50B7821F2B71447300528A3B /* Assets.xcassets */ = {isa = PBXFileReference; lastKnownFileType = folder.assetcatalog; path = Assets.xcassets; sourceTree = "<group>"; };
		50B782222B71447300528A3B /* Preview Assets.xcassets */ = {isa = PBXFileReference; lastKnownFileType = folder.assetcatalog; path = "Preview Assets.xcassets"; sourceTree = "<group>"; };
		50B782282B71447400528A3B /* NewsShortsTests.xctest */ = {isa = PBXFileReference; explicitFileType = wrapper.cfbundle; includeInIndex = 0; path = NewsShortsTests.xctest; sourceTree = BUILT_PRODUCTS_DIR; };
		50B7822C2B71447400528A3B /* NewsShortsTests.swift */ = {isa = PBXFileReference; lastKnownFileType = sourcecode.swift; path = NewsShortsTests.swift; sourceTree = "<group>"; };
		50B782322B71447400528A3B /* NewsShortsUITests.xctest */ = {isa = PBXFileReference; explicitFileType = wrapper.cfbundle; includeInIndex = 0; path = NewsShortsUITests.xctest; sourceTree = BUILT_PRODUCTS_DIR; };
		50B782362B71447400528A3B /* NewsShortsUITests.swift */ = {isa = PBXFileReference; lastKnownFileType = sourcecode.swift; path = NewsShortsUITests.swift; sourceTree = "<group>"; };
		50B782382B71447400528A3B /* NewsShortsUITestsLaunchTests.swift */ = {isa = PBXFileReference; lastKnownFileType = sourcecode.swift; path = NewsShortsUITestsLaunchTests.swift; sourceTree = "<group>"; };
		50D3B86B2BC6FD85004219C5 /* TopicsNewsRequestBody.swift */ = {isa = PBXFileReference; lastKnownFileType = sourcecode.swift; path = TopicsNewsRequestBody.swift; sourceTree = "<group>"; };
/* End PBXFileReference section */

/* Begin PBXFrameworksBuildPhase section */
		50B782152B71447200528A3B /* Frameworks */ = {
			isa = PBXFrameworksBuildPhase;
			buildActionMask = 2147483647;
			files = (
				5013DF842BBF235700A23FE4 /* VisionaryUI in Frameworks */,
			);
			runOnlyForDeploymentPostprocessing = 0;
		};
		50B782252B71447400528A3B /* Frameworks */ = {
			isa = PBXFrameworksBuildPhase;
			buildActionMask = 2147483647;
			files = (
			);
			runOnlyForDeploymentPostprocessing = 0;
		};
		50B7822F2B71447400528A3B /* Frameworks */ = {
			isa = PBXFrameworksBuildPhase;
			buildActionMask = 2147483647;
			files = (
			);
			runOnlyForDeploymentPostprocessing = 0;
		};
/* End PBXFrameworksBuildPhase section */

/* Begin PBXGroup section */
		5003349F2B963ED3004917EB /* Extensions */ = {
			isa = PBXGroup;
			children = (
				500334A02B963EE5004917EB /* String+Extension.swift */,
			);
			path = Extensions;
			sourceTree = "<group>";
		};
		505E08F72B73EEBC00CAF6FC /* View */ = {
			isa = PBXGroup;
			children = (
				50B7821D2B71447200528A3B /* ContentView.swift */,
				505BA5602B7E906800F7FF78 /* ShortNotificationView.swift */,
				50B7821B2B71447200528A3B /* NewsShortsApp.swift */,
				5046E13C2B753E68008C013C /* HorizontalDirectFeedView.swift */,
				5098C0082B81071800CCEBDC /* ShortNotificationCellView.swift */,
				506E04EA2B84CFD70047E7B9 /* InsightsView.swift */,
				5003349D2B96388C004917EB /* NewsDetailView.swift */,
				504E4BBC2BAB53DC0070254F /* TopicsNewsView.swift */,
			);
			path = View;
			sourceTree = "<group>";
		};
		505E08F82B73EEC500CAF6FC /* Model */ = {
			isa = PBXGroup;
			children = (
				506E04EF2B850BD60047E7B9 /* ResponseModel */,
				506E04EE2B850BC40047E7B9 /* RequestBody */,
			);
			path = Model;
			sourceTree = "<group>";
		};
		505E08F92B73EECF00CAF6FC /* ViewModel */ = {
			isa = PBXGroup;
			children = (
				505BA5622B7E909800F7FF78 /* ShortNotificationViewViewModel.swift */,
				506E04EC2B84CFEF0047E7B9 /* InsightsViewViewModel.swift */,
			);
			path = ViewModel;
			sourceTree = "<group>";
		};
		505E08FA2B73EF0300CAF6FC /* Network */ = {
			isa = PBXGroup;
			children = (
				505E08FB2B73F09B00CAF6FC /* APIClient.swift */,
				505E08FF2B73F43700CAF6FC /* NetworkError.swift */,
				505E09012B73F63000CAF6FC /* APIUrlConstants.swift */,
				5046E1362B7538E6008C013C /* APIRouter.swift */,
				5046E1382B7538FF008C013C /* APIRequestable.swift */,
			);
			path = Network;
			sourceTree = "<group>";
		};
		506E04EE2B850BC40047E7B9 /* RequestBody */ = {
			isa = PBXGroup;
			children = (
				505E09032B73F9B800CAF6FC /* NewsListTopHeadlinesRequestBody.swift */,
				50D3B86B2BC6FD85004219C5 /* TopicsNewsRequestBody.swift */,
			);
			path = RequestBody;
			sourceTree = "<group>";
		};
		506E04EF2B850BD60047E7B9 /* ResponseModel */ = {
			isa = PBXGroup;
			children = (
				505E08FD2B73F1C600CAF6FC /* NewsListResponseModel.swift */,
				506E04F02B850C090047E7B9 /* InsightsResponseModel.swift */,
			);
			path = ResponseModel;
			sourceTree = "<group>";
		};
		507350622C556955003EF815 /* Protocols */ = {
			isa = PBXGroup;
			children = (
			);
			path = Protocols;
			sourceTree = "<group>";
		};
		50B7820F2B71447200528A3B = {
			isa = PBXGroup;
			children = (
				50B7821A2B71447200528A3B /* NewsShorts */,
				50B7822B2B71447400528A3B /* NewsShortsTests */,
				50B782352B71447400528A3B /* NewsShortsUITests */,
				50B782192B71447200528A3B /* Products */,
			);
			sourceTree = "<group>";
		};
		50B782192B71447200528A3B /* Products */ = {
			isa = PBXGroup;
			children = (
				50B782182B71447200528A3B /* NewsShorts.app */,
				50B782282B71447400528A3B /* NewsShortsTests.xctest */,
				50B782322B71447400528A3B /* NewsShortsUITests.xctest */,
			);
			name = Products;
			sourceTree = "<group>";
		};
		50B7821A2B71447200528A3B /* NewsShorts */ = {
			isa = PBXGroup;
			children = (
				507350622C556955003EF815 /* Protocols */,
				5003349F2B963ED3004917EB /* Extensions */,
				505E08FA2B73EF0300CAF6FC /* Network */,
				505E08F92B73EECF00CAF6FC /* ViewModel */,
				505E08F82B73EEC500CAF6FC /* Model */,
				505E08F72B73EEBC00CAF6FC /* View */,
				50B7821F2B71447300528A3B /* Assets.xcassets */,
				50B782212B71447300528A3B /* Preview Content */,
			);
			path = NewsShorts;
			sourceTree = "<group>";
		};
		50B782212B71447300528A3B /* Preview Content */ = {
			isa = PBXGroup;
			children = (
				50B782222B71447300528A3B /* Preview Assets.xcassets */,
			);
			path = "Preview Content";
			sourceTree = "<group>";
		};
		50B7822B2B71447400528A3B /* NewsShortsTests */ = {
			isa = PBXGroup;
			children = (
				50B7822C2B71447400528A3B /* NewsShortsTests.swift */,
			);
			path = NewsShortsTests;
			sourceTree = "<group>";
		};
		50B782352B71447400528A3B /* NewsShortsUITests */ = {
			isa = PBXGroup;
			children = (
				50B782362B71447400528A3B /* NewsShortsUITests.swift */,
				50B782382B71447400528A3B /* NewsShortsUITestsLaunchTests.swift */,
			);
			path = NewsShortsUITests;
			sourceTree = "<group>";
		};
/* End PBXGroup section */

/* Begin PBXNativeTarget section */
		50B782172B71447200528A3B /* NewsShorts */ = {
			isa = PBXNativeTarget;
			buildConfigurationList = 50B7823C2B71447400528A3B /* Build configuration list for PBXNativeTarget "NewsShorts" */;
			buildPhases = (
				50B782142B71447200528A3B /* Sources */,
				50B782152B71447200528A3B /* Frameworks */,
				50B782162B71447200528A3B /* Resources */,
			);
			buildRules = (
			);
			dependencies = (
			);
			name = NewsShorts;
			packageProductDependencies = (
				5013DF832BBF235700A23FE4 /* VisionaryUI */,
			);
			productName = NewsShorts;
			productReference = 50B782182B71447200528A3B /* NewsShorts.app */;
			productType = "com.apple.product-type.application";
		};
		50B782272B71447400528A3B /* NewsShortsTests */ = {
			isa = PBXNativeTarget;
			buildConfigurationList = 50B7823F2B71447400528A3B /* Build configuration list for PBXNativeTarget "NewsShortsTests" */;
			buildPhases = (
				50B782242B71447400528A3B /* Sources */,
				50B782252B71447400528A3B /* Frameworks */,
				50B782262B71447400528A3B /* Resources */,
			);
			buildRules = (
			);
			dependencies = (
				50B7822A2B71447400528A3B /* PBXTargetDependency */,
			);
			name = NewsShortsTests;
			productName = NewsShortsTests;
			productReference = 50B782282B71447400528A3B /* NewsShortsTests.xctest */;
			productType = "com.apple.product-type.bundle.unit-test";
		};
		50B782312B71447400528A3B /* NewsShortsUITests */ = {
			isa = PBXNativeTarget;
			buildConfigurationList = 50B782422B71447400528A3B /* Build configuration list for PBXNativeTarget "NewsShortsUITests" */;
			buildPhases = (
				50B7822E2B71447400528A3B /* Sources */,
				50B7822F2B71447400528A3B /* Frameworks */,
				50B782302B71447400528A3B /* Resources */,
			);
			buildRules = (
			);
			dependencies = (
				50B782342B71447400528A3B /* PBXTargetDependency */,
			);
			name = NewsShortsUITests;
			productName = NewsShortsUITests;
			productReference = 50B782322B71447400528A3B /* NewsShortsUITests.xctest */;
			productType = "com.apple.product-type.bundle.ui-testing";
		};
/* End PBXNativeTarget section */

/* Begin PBXProject section */
		50B782102B71447200528A3B /* Project object */ = {
			isa = PBXProject;
			attributes = {
				BuildIndependentTargetsInParallel = 1;
				LastSwiftUpdateCheck = 1500;
				LastUpgradeCheck = 1500;
				TargetAttributes = {
					50B782172B71447200528A3B = {
						CreatedOnToolsVersion = 15.0.1;
					};
					50B782272B71447400528A3B = {
						CreatedOnToolsVersion = 15.0.1;
						TestTargetID = 50B782172B71447200528A3B;
					};
					50B782312B71447400528A3B = {
						CreatedOnToolsVersion = 15.0.1;
						TestTargetID = 50B782172B71447200528A3B;
					};
				};
			};
			buildConfigurationList = 50B782132B71447200528A3B /* Build configuration list for PBXProject "NewsShorts" */;
			compatibilityVersion = "Xcode 14.0";
			developmentRegion = en;
			hasScannedForEncodings = 0;
			knownRegions = (
				en,
				Base,
			);
			mainGroup = 50B7820F2B71447200528A3B;
			packageReferences = (
				5013DF822BBF235700A23FE4 /* XCRemoteSwiftPackageReference "VisionaryUI" */,
			);
			productRefGroup = 50B782192B71447200528A3B /* Products */;
			projectDirPath = "";
			projectRoot = "";
			targets = (
				50B782172B71447200528A3B /* NewsShorts */,
				50B782272B71447400528A3B /* NewsShortsTests */,
				50B782312B71447400528A3B /* NewsShortsUITests */,
			);
		};
/* End PBXProject section */

/* Begin PBXResourcesBuildPhase section */
		50B782162B71447200528A3B /* Resources */ = {
			isa = PBXResourcesBuildPhase;
			buildActionMask = 2147483647;
			files = (
				50B782232B71447300528A3B /* Preview Assets.xcassets in Resources */,
				50B782202B71447300528A3B /* Assets.xcassets in Resources */,
			);
			runOnlyForDeploymentPostprocessing = 0;
		};
		50B782262B71447400528A3B /* Resources */ = {
			isa = PBXResourcesBuildPhase;
			buildActionMask = 2147483647;
			files = (
			);
			runOnlyForDeploymentPostprocessing = 0;
		};
		50B782302B71447400528A3B /* Resources */ = {
			isa = PBXResourcesBuildPhase;
			buildActionMask = 2147483647;
			files = (
			);
			runOnlyForDeploymentPostprocessing = 0;
		};
/* End PBXResourcesBuildPhase section */

/* Begin PBXSourcesBuildPhase section */
		50B782142B71447200528A3B /* Sources */ = {
			isa = PBXSourcesBuildPhase;
			buildActionMask = 2147483647;
			files = (
				505E09022B73F63000CAF6FC /* APIUrlConstants.swift in Sources */,
				505E09042B73F9B800CAF6FC /* NewsListTopHeadlinesRequestBody.swift in Sources */,
				50B7821E2B71447200528A3B /* ContentView.swift in Sources */,
				50B7821C2B71447200528A3B /* NewsShortsApp.swift in Sources */,
				5046E1392B7538FF008C013C /* APIRequestable.swift in Sources */,
				504E4BBD2BAB53DC0070254F /* TopicsNewsView.swift in Sources */,
				506E04EB2B84CFD70047E7B9 /* InsightsView.swift in Sources */,
				505E08FC2B73F09B00CAF6FC /* APIClient.swift in Sources */,
				5046E1372B7538E6008C013C /* APIRouter.swift in Sources */,
				5046E13D2B753E68008C013C /* HorizontalDirectFeedView.swift in Sources */,
				5098C0092B81071800CCEBDC /* ShortNotificationCellView.swift in Sources */,
				500334A12B963EE5004917EB /* String+Extension.swift in Sources */,
				50D3B86C2BC6FD85004219C5 /* TopicsNewsRequestBody.swift in Sources */,
				5003349E2B96388C004917EB /* NewsDetailView.swift in Sources */,
				506E04ED2B84CFEF0047E7B9 /* InsightsViewViewModel.swift in Sources */,
				505BA5612B7E906800F7FF78 /* ShortNotificationView.swift in Sources */,
				505BA5632B7E909800F7FF78 /* ShortNotificationViewViewModel.swift in Sources */,
				505E08FE2B73F1C600CAF6FC /* NewsListResponseModel.swift in Sources */,
				506E04F12B850C090047E7B9 /* InsightsResponseModel.swift in Sources */,
				505E09002B73F43700CAF6FC /* NetworkError.swift in Sources */,
			);
			runOnlyForDeploymentPostprocessing = 0;
		};
		50B782242B71447400528A3B /* Sources */ = {
			isa = PBXSourcesBuildPhase;
			buildActionMask = 2147483647;
			files = (
				50B7822D2B71447400528A3B /* NewsShortsTests.swift in Sources */,
			);
			runOnlyForDeploymentPostprocessing = 0;
		};
		50B7822E2B71447400528A3B /* Sources */ = {
			isa = PBXSourcesBuildPhase;
			buildActionMask = 2147483647;
			files = (
				50B782392B71447400528A3B /* NewsShortsUITestsLaunchTests.swift in Sources */,
				50B782372B71447400528A3B /* NewsShortsUITests.swift in Sources */,
			);
			runOnlyForDeploymentPostprocessing = 0;
		};
/* End PBXSourcesBuildPhase section */

/* Begin PBXTargetDependency section */
		50B7822A2B71447400528A3B /* PBXTargetDependency */ = {
			isa = PBXTargetDependency;
			target = 50B782172B71447200528A3B /* NewsShorts */;
			targetProxy = 50B782292B71447400528A3B /* PBXContainerItemProxy */;
		};
		50B782342B71447400528A3B /* PBXTargetDependency */ = {
			isa = PBXTargetDependency;
			target = 50B782172B71447200528A3B /* NewsShorts */;
			targetProxy = 50B782332B71447400528A3B /* PBXContainerItemProxy */;
		};
/* End PBXTargetDependency section */

/* Begin XCBuildConfiguration section */
		50B7823A2B71447400528A3B /* Debug */ = {
			isa = XCBuildConfiguration;
			buildSettings = {
				ALWAYS_SEARCH_USER_PATHS = NO;
				ASSETCATALOG_COMPILER_GENERATE_SWIFT_ASSET_SYMBOL_EXTENSIONS = YES;
				CLANG_ANALYZER_NONNULL = YES;
				CLANG_ANALYZER_NUMBER_OBJECT_CONVERSION = YES_AGGRESSIVE;
				CLANG_CXX_LANGUAGE_STANDARD = "gnu++20";
				CLANG_ENABLE_MODULES = YES;
				CLANG_ENABLE_OBJC_ARC = YES;
				CLANG_ENABLE_OBJC_WEAK = YES;
				CLANG_WARN_BLOCK_CAPTURE_AUTORELEASING = YES;
				CLANG_WARN_BOOL_CONVERSION = YES;
				CLANG_WARN_COMMA = YES;
				CLANG_WARN_CONSTANT_CONVERSION = YES;
				CLANG_WARN_DEPRECATED_OBJC_IMPLEMENTATIONS = YES;
				CLANG_WARN_DIRECT_OBJC_ISA_USAGE = YES_ERROR;
				CLANG_WARN_DOCUMENTATION_COMMENTS = YES;
				CLANG_WARN_EMPTY_BODY = YES;
				CLANG_WARN_ENUM_CONVERSION = YES;
				CLANG_WARN_INFINITE_RECURSION = YES;
				CLANG_WARN_INT_CONVERSION = YES;
				CLANG_WARN_NON_LITERAL_NULL_CONVERSION = YES;
				CLANG_WARN_OBJC_IMPLICIT_RETAIN_SELF = YES;
				CLANG_WARN_OBJC_LITERAL_CONVERSION = YES;
				CLANG_WARN_OBJC_ROOT_CLASS = YES_ERROR;
				CLANG_WARN_QUOTED_INCLUDE_IN_FRAMEWORK_HEADER = YES;
				CLANG_WARN_RANGE_LOOP_ANALYSIS = YES;
				CLANG_WARN_STRICT_PROTOTYPES = YES;
				CLANG_WARN_SUSPICIOUS_MOVE = YES;
				CLANG_WARN_UNGUARDED_AVAILABILITY = YES_AGGRESSIVE;
				CLANG_WARN_UNREACHABLE_CODE = YES;
				CLANG_WARN__DUPLICATE_METHOD_MATCH = YES;
				COPY_PHASE_STRIP = NO;
				DEBUG_INFORMATION_FORMAT = dwarf;
				ENABLE_STRICT_OBJC_MSGSEND = YES;
				ENABLE_TESTABILITY = YES;
				ENABLE_USER_SCRIPT_SANDBOXING = YES;
				GCC_C_LANGUAGE_STANDARD = gnu17;
				GCC_DYNAMIC_NO_PIC = NO;
				GCC_NO_COMMON_BLOCKS = YES;
				GCC_OPTIMIZATION_LEVEL = 0;
				GCC_PREPROCESSOR_DEFINITIONS = (
					"DEBUG=1",
					"$(inherited)",
				);
				GCC_WARN_64_TO_32_BIT_CONVERSION = YES;
				GCC_WARN_ABOUT_RETURN_TYPE = YES_ERROR;
				GCC_WARN_UNDECLARED_SELECTOR = YES;
				GCC_WARN_UNINITIALIZED_AUTOS = YES_AGGRESSIVE;
				GCC_WARN_UNUSED_FUNCTION = YES;
				GCC_WARN_UNUSED_VARIABLE = YES;
				IPHONEOS_DEPLOYMENT_TARGET = 17.0;
				LOCALIZATION_PREFERS_STRING_CATALOGS = YES;
				MTL_ENABLE_DEBUG_INFO = INCLUDE_SOURCE;
				MTL_FAST_MATH = YES;
				ONLY_ACTIVE_ARCH = YES;
				SDKROOT = iphoneos;
				SWIFT_ACTIVE_COMPILATION_CONDITIONS = "DEBUG $(inherited)";
				SWIFT_OPTIMIZATION_LEVEL = "-Onone";
			};
			name = Debug;
		};
		50B7823B2B71447400528A3B /* Release */ = {
			isa = XCBuildConfiguration;
			buildSettings = {
				ALWAYS_SEARCH_USER_PATHS = NO;
				ASSETCATALOG_COMPILER_GENERATE_SWIFT_ASSET_SYMBOL_EXTENSIONS = YES;
				CLANG_ANALYZER_NONNULL = YES;
				CLANG_ANALYZER_NUMBER_OBJECT_CONVERSION = YES_AGGRESSIVE;
				CLANG_CXX_LANGUAGE_STANDARD = "gnu++20";
				CLANG_ENABLE_MODULES = YES;
				CLANG_ENABLE_OBJC_ARC = YES;
				CLANG_ENABLE_OBJC_WEAK = YES;
				CLANG_WARN_BLOCK_CAPTURE_AUTORELEASING = YES;
				CLANG_WARN_BOOL_CONVERSION = YES;
				CLANG_WARN_COMMA = YES;
				CLANG_WARN_CONSTANT_CONVERSION = YES;
				CLANG_WARN_DEPRECATED_OBJC_IMPLEMENTATIONS = YES;
				CLANG_WARN_DIRECT_OBJC_ISA_USAGE = YES_ERROR;
				CLANG_WARN_DOCUMENTATION_COMMENTS = YES;
				CLANG_WARN_EMPTY_BODY = YES;
				CLANG_WARN_ENUM_CONVERSION = YES;
				CLANG_WARN_INFINITE_RECURSION = YES;
				CLANG_WARN_INT_CONVERSION = YES;
				CLANG_WARN_NON_LITERAL_NULL_CONVERSION = YES;
				CLANG_WARN_OBJC_IMPLICIT_RETAIN_SELF = YES;
				CLANG_WARN_OBJC_LITERAL_CONVERSION = YES;
				CLANG_WARN_OBJC_ROOT_CLASS = YES_ERROR;
				CLANG_WARN_QUOTED_INCLUDE_IN_FRAMEWORK_HEADER = YES;
				CLANG_WARN_RANGE_LOOP_ANALYSIS = YES;
				CLANG_WARN_STRICT_PROTOTYPES = YES;
				CLANG_WARN_SUSPICIOUS_MOVE = YES;
				CLANG_WARN_UNGUARDED_AVAILABILITY = YES_AGGRESSIVE;
				CLANG_WARN_UNREACHABLE_CODE = YES;
				CLANG_WARN__DUPLICATE_METHOD_MATCH = YES;
				COPY_PHASE_STRIP = NO;
				DEBUG_INFORMATION_FORMAT = "dwarf-with-dsym";
				ENABLE_NS_ASSERTIONS = NO;
				ENABLE_STRICT_OBJC_MSGSEND = YES;
				ENABLE_USER_SCRIPT_SANDBOXING = YES;
				GCC_C_LANGUAGE_STANDARD = gnu17;
				GCC_NO_COMMON_BLOCKS = YES;
				GCC_WARN_64_TO_32_BIT_CONVERSION = YES;
				GCC_WARN_ABOUT_RETURN_TYPE = YES_ERROR;
				GCC_WARN_UNDECLARED_SELECTOR = YES;
				GCC_WARN_UNINITIALIZED_AUTOS = YES_AGGRESSIVE;
				GCC_WARN_UNUSED_FUNCTION = YES;
				GCC_WARN_UNUSED_VARIABLE = YES;
				IPHONEOS_DEPLOYMENT_TARGET = 17.0;
				LOCALIZATION_PREFERS_STRING_CATALOGS = YES;
				MTL_ENABLE_DEBUG_INFO = NO;
				MTL_FAST_MATH = YES;
				SDKROOT = iphoneos;
				SWIFT_COMPILATION_MODE = wholemodule;
				VALIDATE_PRODUCT = YES;
			};
			name = Release;
		};
		50B7823D2B71447400528A3B /* Debug */ = {
			isa = XCBuildConfiguration;
			buildSettings = {
				ASSETCATALOG_COMPILER_APPICON_NAME = AppIcon;
				ASSETCATALOG_COMPILER_GLOBAL_ACCENT_COLOR_NAME = AccentColor;
				CODE_SIGN_STYLE = Automatic;
				CURRENT_PROJECT_VERSION = 1;
				DEVELOPMENT_ASSET_PATHS = "\"NewsShorts/Preview Content\"";
				DEVELOPMENT_TEAM = 7B98QA2837;
				ENABLE_PREVIEWS = YES;
				GENERATE_INFOPLIST_FILE = YES;
				INFOPLIST_KEY_UIApplicationSceneManifest_Generation = YES;
				INFOPLIST_KEY_UIApplicationSupportsIndirectInputEvents = YES;
				INFOPLIST_KEY_UILaunchScreen_Generation = YES;
				INFOPLIST_KEY_UISupportedInterfaceOrientations_iPad = "UIInterfaceOrientationPortrait UIInterfaceOrientationPortraitUpsideDown UIInterfaceOrientationLandscapeLeft UIInterfaceOrientationLandscapeRight";
				INFOPLIST_KEY_UISupportedInterfaceOrientations_iPhone = "UIInterfaceOrientationPortrait UIInterfaceOrientationLandscapeLeft UIInterfaceOrientationLandscapeRight";
				LD_RUNPATH_SEARCH_PATHS = (
					"$(inherited)",
					"@executable_path/Frameworks",
				);
				MARKETING_VERSION = 1.0;
				PRODUCT_BUNDLE_IDENTIFIER = shivam.maheshwari.NewsShorts;
				PRODUCT_NAME = "$(TARGET_NAME)";
				SWIFT_EMIT_LOC_STRINGS = YES;
				SWIFT_VERSION = 5.0;
				TARGETED_DEVICE_FAMILY = "1,2";
			};
			name = Debug;
		};
		50B7823E2B71447400528A3B /* Release */ = {
			isa = XCBuildConfiguration;
			buildSettings = {
				ASSETCATALOG_COMPILER_APPICON_NAME = AppIcon;
				ASSETCATALOG_COMPILER_GLOBAL_ACCENT_COLOR_NAME = AccentColor;
				CODE_SIGN_STYLE = Automatic;
				CURRENT_PROJECT_VERSION = 1;
				DEVELOPMENT_ASSET_PATHS = "\"NewsShorts/Preview Content\"";
				DEVELOPMENT_TEAM = 7B98QA2837;
				ENABLE_PREVIEWS = YES;
				GENERATE_INFOPLIST_FILE = YES;
				INFOPLIST_KEY_UIApplicationSceneManifest_Generation = YES;
				INFOPLIST_KEY_UIApplicationSupportsIndirectInputEvents = YES;
				INFOPLIST_KEY_UILaunchScreen_Generation = YES;
				INFOPLIST_KEY_UISupportedInterfaceOrientations_iPad = "UIInterfaceOrientationPortrait UIInterfaceOrientationPortraitUpsideDown UIInterfaceOrientationLandscapeLeft UIInterfaceOrientationLandscapeRight";
				INFOPLIST_KEY_UISupportedInterfaceOrientations_iPhone = "UIInterfaceOrientationPortrait UIInterfaceOrientationLandscapeLeft UIInterfaceOrientationLandscapeRight";
				LD_RUNPATH_SEARCH_PATHS = (
					"$(inherited)",
					"@executable_path/Frameworks",
				);
				MARKETING_VERSION = 1.0;
				PRODUCT_BUNDLE_IDENTIFIER = shivam.maheshwari.NewsShorts;
				PRODUCT_NAME = "$(TARGET_NAME)";
				SWIFT_EMIT_LOC_STRINGS = YES;
				SWIFT_VERSION = 5.0;
				TARGETED_DEVICE_FAMILY = "1,2";
			};
			name = Release;
		};
		50B782402B71447400528A3B /* Debug */ = {
			isa = XCBuildConfiguration;
			buildSettings = {
				ALWAYS_EMBED_SWIFT_STANDARD_LIBRARIES = YES;
				BUNDLE_LOADER = "$(TEST_HOST)";
				CODE_SIGN_STYLE = Automatic;
				CURRENT_PROJECT_VERSION = 1;
				DEVELOPMENT_TEAM = 7B98QA2837;
				GENERATE_INFOPLIST_FILE = YES;
				IPHONEOS_DEPLOYMENT_TARGET = 17.0;
				MARKETING_VERSION = 1.0;
				PRODUCT_BUNDLE_IDENTIFIER = shivam.maheshwari.NewsShortsTests;
				PRODUCT_NAME = "$(TARGET_NAME)";
				SWIFT_EMIT_LOC_STRINGS = NO;
				SWIFT_VERSION = 5.0;
				TARGETED_DEVICE_FAMILY = "1,2";
				TEST_HOST = "$(BUILT_PRODUCTS_DIR)/NewsShorts.app/$(BUNDLE_EXECUTABLE_FOLDER_PATH)/NewsShorts";
			};
			name = Debug;
		};
		50B782412B71447400528A3B /* Release */ = {
			isa = XCBuildConfiguration;
			buildSettings = {
				ALWAYS_EMBED_SWIFT_STANDARD_LIBRARIES = YES;
				BUNDLE_LOADER = "$(TEST_HOST)";
				CODE_SIGN_STYLE = Automatic;
				CURRENT_PROJECT_VERSION = 1;
				DEVELOPMENT_TEAM = 7B98QA2837;
				GENERATE_INFOPLIST_FILE = YES;
				IPHONEOS_DEPLOYMENT_TARGET = 17.0;
				MARKETING_VERSION = 1.0;
				PRODUCT_BUNDLE_IDENTIFIER = shivam.maheshwari.NewsShortsTests;
				PRODUCT_NAME = "$(TARGET_NAME)";
				SWIFT_EMIT_LOC_STRINGS = NO;
				SWIFT_VERSION = 5.0;
				TARGETED_DEVICE_FAMILY = "1,2";
				TEST_HOST = "$(BUILT_PRODUCTS_DIR)/NewsShorts.app/$(BUNDLE_EXECUTABLE_FOLDER_PATH)/NewsShorts";
			};
			name = Release;
		};
		50B782432B71447400528A3B /* Debug */ = {
			isa = XCBuildConfiguration;
			buildSettings = {
				ALWAYS_EMBED_SWIFT_STANDARD_LIBRARIES = YES;
				CODE_SIGN_STYLE = Automatic;
				CURRENT_PROJECT_VERSION = 1;
				DEVELOPMENT_TEAM = 7B98QA2837;
				GENERATE_INFOPLIST_FILE = YES;
				MARKETING_VERSION = 1.0;
				PRODUCT_BUNDLE_IDENTIFIER = shivam.maheshwari.NewsShortsUITests;
				PRODUCT_NAME = "$(TARGET_NAME)";
				SWIFT_EMIT_LOC_STRINGS = NO;
				SWIFT_VERSION = 5.0;
				TARGETED_DEVICE_FAMILY = "1,2";
				TEST_TARGET_NAME = NewsShorts;
			};
			name = Debug;
		};
		50B782442B71447400528A3B /* Release */ = {
			isa = XCBuildConfiguration;
			buildSettings = {
				ALWAYS_EMBED_SWIFT_STANDARD_LIBRARIES = YES;
				CODE_SIGN_STYLE = Automatic;
				CURRENT_PROJECT_VERSION = 1;
				DEVELOPMENT_TEAM = 7B98QA2837;
				GENERATE_INFOPLIST_FILE = YES;
				MARKETING_VERSION = 1.0;
				PRODUCT_BUNDLE_IDENTIFIER = shivam.maheshwari.NewsShortsUITests;
				PRODUCT_NAME = "$(TARGET_NAME)";
				SWIFT_EMIT_LOC_STRINGS = NO;
				SWIFT_VERSION = 5.0;
				TARGETED_DEVICE_FAMILY = "1,2";
				TEST_TARGET_NAME = NewsShorts;
			};
			name = Release;
		};
/* End XCBuildConfiguration section */

/* Begin XCConfigurationList section */
		50B782132B71447200528A3B /* Build configuration list for PBXProject "NewsShorts" */ = {
			isa = XCConfigurationList;
			buildConfigurations = (
				50B7823A2B71447400528A3B /* Debug */,
				50B7823B2B71447400528A3B /* Release */,
			);
			defaultConfigurationIsVisible = 0;
			defaultConfigurationName = Release;
		};
		50B7823C2B71447400528A3B /* Build configuration list for PBXNativeTarget "NewsShorts" */ = {
			isa = XCConfigurationList;
			buildConfigurations = (
				50B7823D2B71447400528A3B /* Debug */,
				50B7823E2B71447400528A3B /* Release */,
			);
			defaultConfigurationIsVisible = 0;
			defaultConfigurationName = Release;
		};
		50B7823F2B71447400528A3B /* Build configuration list for PBXNativeTarget "NewsShortsTests" */ = {
			isa = XCConfigurationList;
			buildConfigurations = (
				50B782402B71447400528A3B /* Debug */,
				50B782412B71447400528A3B /* Release */,
			);
			defaultConfigurationIsVisible = 0;
			defaultConfigurationName = Release;
		};
		50B782422B71447400528A3B /* Build configuration list for PBXNativeTarget "NewsShortsUITests" */ = {
			isa = XCConfigurationList;
			buildConfigurations = (
				50B782432B71447400528A3B /* Debug */,
				50B782442B71447400528A3B /* Release */,
			);
			defaultConfigurationIsVisible = 0;
			defaultConfigurationName = Release;
		};
/* End XCConfigurationList section */

/* Begin XCRemoteSwiftPackageReference section */
		5013DF822BBF235700A23FE4 /* XCRemoteSwiftPackageReference "VisionaryUI" */ = {
			isa = XCRemoteSwiftPackageReference;
			repositoryURL = "https://github.com/shivammaheshwari9837/VisionaryUI.git";
			requirement = {
				branch = main;
				kind = branch;
			};
		};
/* End XCRemoteSwiftPackageReference section */

/* Begin XCSwiftPackageProductDependency section */
		5013DF832BBF235700A23FE4 /* VisionaryUI */ = {
			isa = XCSwiftPackageProductDependency;
			package = 5013DF822BBF235700A23FE4 /* XCRemoteSwiftPackageReference "VisionaryUI" */;
			productName = VisionaryUI;
		};
/* End XCSwiftPackageProductDependency section */
	};
	rootObject = 50B782102B71447200528A3B /* Project object */;
}
