{
  "pins" : [
    {
      "identity" : "visionaryui",
      "kind" : "remoteSourceControl",
      "location" : "https://github.com/shivammaheshwari9837/VisionaryUI.git",
      "state" : {
        "branch" : "main",
        "revision" : "4f542f526b49fef222362c1d812e9416ab7e875f"
      }
    }
  ],
  "version" : 2
}
