{
  "pins" : [
    {
      "identity" : "visionaryui",
      "kind" : "remoteSourceControl",
      "location" : "https://github.com/shivammaheshwari9837/VisionaryUI.git",
      "state" : {
        "branch" : "main",
        "revision" : "10deef446aba63ee25e09f2f7eba2306ff9a25f9"
      }
    }
  ],
  "version" : 2
}
